
Microsoft Visual Studio Solution File, Format Version 12.00
# Visual Studio 15
VisualStudioVersion = 15.0.28010.2026
MinimumVisualStudioVersion = 10.0.40219.1
Project("{FAE04EC0-301F-11D3-BF4B-00C04F79EFBC}") = "HelloWorld", "HelloWorld\HelloWorld.csproj", "{BE747039-2174-4D43-9A45-10E8201D7BE1}"
EndProject
Project("{FAE04EC0-301F-11D3-BF4B-00C04F79EFBC}") = "Output", "Output\Output.csproj", "{6F2F1089-F284-4DF1-B644-1A078F0A0273}"
EndProject
Project("{FAE04EC0-301F-11D3-BF4B-00C04F79EFBC}") = "OutputTest", "UnitTestProject1\OutputTest.csproj", "{1276EA36-94C5-4D58-BB31-24300E6307BC}"
EndProject
Global
	GlobalSection(SolutionConfigurationPlatforms) = preSolution
		Debug|Any CPU = Debug|Any CPU
		Release|Any CPU = Release|Any CPU
	EndGlobalSection
	GlobalSection(ProjectConfigurationPlatforms) = postSolution
		{BE747039-2174-4D43-9A45-10E8201D7BE1}.Debug|Any CPU.ActiveCfg = Debug|Any CPU
		{BE747039-2174-4D43-9A45-10E8201D7BE1}.Debug|Any CPU.Build.0 = Debug|Any CPU
		{BE747039-2174-4D43-9A45-10E8201D7BE1}.Release|Any CPU.ActiveCfg = Release|Any CPU
		{BE747039-2174-4D43-9A45-10E8201D7BE1}.Release|Any CPU.Build.0 = Release|Any CPU
		{6F2F1089-F284-4DF1-B644-1A078F0A0273}.Debug|Any CPU.ActiveCfg = Debug|Any CPU
		{6F2F1089-F284-4DF1-B644-1A078F0A0273}.Debug|Any CPU.Build.0 = Debug|Any CPU
		{6F2F1089-F284-4DF1-B644-1A078F0A0273}.Release|Any CPU.ActiveCfg = Release|Any CPU
		{6F2F1089-F284-4DF1-B644-1A078F0A0273}.Release|Any CPU.Build.0 = Release|Any CPU
		{1276EA36-94C5-4D58-BB31-24300E6307BC}.Debug|Any CPU.ActiveCfg = Debug|Any CPU
		{1276EA36-94C5-4D58-BB31-24300E6307BC}.Debug|Any CPU.Build.0 = Debug|Any CPU
		{1276EA36-94C5-4D58-BB31-24300E6307BC}.Release|Any CPU.ActiveCfg = Release|Any CPU
		{1276EA36-94C5-4D58-BB31-24300E6307BC}.Release|Any CPU.Build.0 = Release|Any CPU
	EndGlobalSection
	GlobalSection(SolutionProperties) = preSolution
		HideSolutionNode = FALSE
	EndGlobalSection
	GlobalSection(ExtensibilityGlobals) = postSolution
		SolutionGuid = {3DD49115-C149-4392-AFAD-F80B08A49BC0}
	EndGlobalSection
EndGlobal
